
Microsoft Visual Studio Solution File, Format Version 12.00
# Visual Studio Version 17
VisualStudioVersion = 17.10.35013.160
MinimumVisualStudioVersion = 10.0.40219.1
Project("{888888A0-9F3D-457C-B088-3A5042F75D52}") = "Snake_game", "Snake_game\Snake_game.pyproj", "{7B34E8FC-F708-44FF-AD92-5619407CCFBA}"
EndProject
Global
	GlobalSection(SolutionConfigurationPlatforms) = preSolution
		Debug|Any CPU = Debug|Any CPU
		Release|Any CPU = Release|Any CPU
	EndGlobalSection
	GlobalSection(ProjectConfigurationPlatforms) = postSolution
		{7B34E8FC-F708-44FF-AD92-5619407CCFBA}.Debug|Any CPU.ActiveCfg = Debug|Any CPU
		{7B34E8FC-F708-44FF-AD92-5619407CCFBA}.Release|Any CPU.ActiveCfg = Release|Any CPU
	EndGlobalSection
	GlobalSection(SolutionProperties) = preSolution
		HideSolutionNode = FALSE
	EndGlobalSection
	GlobalSection(ExtensibilityGlobals) = postSolution
		SolutionGuid = {00BA0466-D5AA-47F4-8420-F884946AE100}
	EndGlobalSection
EndGlobal
